<?xml version="1.0" encoding="UTF-8" standalone="yes" ?>
<CodeBlocks_project_file>
	<FileVersion major="1" minor="6" />
	<Project>
		<Option title="BVHConverter" />
		<Option pch_mode="2" />
		<Option compiler="gcc" />
		<Build>
			<Target title="Debug">
				<Option output="./BVHConverter" prefix_auto="1" extension_auto="1" />
				<Option working_dir="./" />
				<Option object_output="obj/Debug/" />
				<Option type="3" />
				<Option compiler="gcc" />
				<Option createDefFile="1" />
				<Option createStaticLib="1" />
				<Compiler>
					<Add option="-pedantic" />
					<Add option="-fPIC" />
					<Add option="-g" />
				</Compiler>
				<Linker>
					<Add option="-lpthread" />
					<Add option="-fPIC" />
				</Linker>
			</Target>
			<Target title="Release">
				<Option output="./BVHConverter" prefix_auto="1" extension_auto="1" />
				<Option working_dir="./" />
				<Option object_output="obj/Release/" />
				<Option type="3" />
				<Option compiler="gcc" />
				<Option createDefFile="1" />
				<Option createStaticLib="1" />
				<Compiler>
					<Add option="-O2" />
					<Add option="-fPIC" />
				</Compiler>
				<Linker>
					<Add option="-s" />
					<Add option="-lpthread" />
					<Add option="-fPIC" />
				</Linker>
			</Target>
		</Build>
		<Compiler>
			<Add option="-Wall" />
			<Add option="-fPIC" />
			<Add option="-DBVH_USE_AS_A_LIBRARY" />
			<Add directory="../../" />
		</Compiler>
		<Linker>
			<Add option="-static" />
			<Add option="-shared" />
			<Add option="-lm" />
			<Add option="-no-pie" />
			<Add directory="../../" />
		</Linker>
		<Unit filename="../../../../../tools/AmMatrix/matrix3x3Tools.c">
			<Option compilerVar="CC" />
		</Unit>
		<Unit filename="../../../../../tools/AmMatrix/matrix3x3Tools.h" />
		<Unit filename="../../../../../tools/AmMatrix/matrix4x4Tools.c">
			<Option compilerVar="CC" />
		</Unit>
		<Unit filename="../../../../../tools/AmMatrix/matrix4x4Tools.h" />
		<Unit filename="../../../../../tools/AmMatrix/matrixCalculations.c">
			<Option compilerVar="CC" />
		</Unit>
		<Unit filename="../../../../../tools/AmMatrix/matrixCalculations.h" />
		<Unit filename="../../../../../tools/AmMatrix/matrixOpenGL.c">
			<Option compilerVar="CC" />
		</Unit>
		<Unit filename="../../../../../tools/AmMatrix/matrixOpenGL.h" />
		<Unit filename="../../../../../tools/AmMatrix/quaternions.c">
			<Option compilerVar="CC" />
		</Unit>
		<Unit filename="../../../../../tools/AmMatrix/quaternions.h" />
		<Unit filename="../../../../../tools/AmMatrix/simpleRenderer.c">
			<Option compilerVar="CC" />
		</Unit>
		<Unit filename="../../../../../tools/AmMatrix/simpleRenderer.h" />
		<Unit filename="../../../../../tools/AmMatrix/solveLinearSystemGJ.c">
			<Option compilerVar="CC" />
		</Unit>
		<Unit filename="../../../../../tools/AmMatrix/solveLinearSystemGJ.h" />
		<Unit filename="../../../../../tools/PThreadWorkerPool/pthreadWorkerPool.h" />
		<Unit filename="../../Library/ModelLoader/hardcoded_shapes.h" />
		<Unit filename="../../Library/ModelLoader/model_converter.c">
			<Option compilerVar="CC" />
		</Unit>
		<Unit filename="../../Library/ModelLoader/model_converter.h" />
		<Unit filename="../../Library/ModelLoader/model_editor.c">
			<Option compilerVar="CC" />
		</Unit>
		<Unit filename="../../Library/ModelLoader/model_editor.h" />
		<Unit filename="../../Library/ModelLoader/model_loader.h" />
		<Unit filename="../../Library/ModelLoader/model_loader_assimp.h" />
		<Unit filename="../../Library/ModelLoader/model_loader_hardcoded.h" />
		<Unit filename="../../Library/ModelLoader/model_loader_obj.h" />
		<Unit filename="../../Library/ModelLoader/model_loader_setup.h" />
		<Unit filename="../../Library/ModelLoader/model_loader_transform_joints.c">
			<Option compilerVar="CC" />
		</Unit>
		<Unit filename="../../Library/ModelLoader/model_loader_transform_joints.h" />
		<Unit filename="../../Library/ModelLoader/model_loader_tri.c">
			<Option compilerVar="CC" />
		</Unit>
		<Unit filename="../../Library/ModelLoader/model_loader_tri.h" />
		<Unit filename="../../Library/ModelLoader/model_processor.c">
			<Option compilerVar="CC" />
		</Unit>
		<Unit filename="../../Library/ModelLoader/model_processor.h" />
		<Unit filename="../../Library/ModelLoader/tri_bvh_controller.h" />
		<Unit filename="../../Library/MotionCaptureLoader/bvh_loader.c">
			<Option compilerVar="CC" />
		</Unit>
		<Unit filename="../../Library/MotionCaptureLoader/bvh_loader.h" />
		<Unit filename="../../Library/MotionCaptureLoader/calculate/bvh_project.c">
			<Option compilerVar="CC" />
		</Unit>
		<Unit filename="../../Library/MotionCaptureLoader/calculate/bvh_project.h" />
		<Unit filename="../../Library/MotionCaptureLoader/calculate/bvh_to_tri_pose.c">
			<Option compilerVar="CC" />
		</Unit>
		<Unit filename="../../Library/MotionCaptureLoader/calculate/bvh_to_tri_pose.h" />
		<Unit filename="../../Library/MotionCaptureLoader/calculate/bvh_transform.c">
			<Option compilerVar="CC" />
		</Unit>
		<Unit filename="../../Library/MotionCaptureLoader/calculate/bvh_transform.h" />
		<Unit filename="../../Library/MotionCaptureLoader/calculate/smoothing.h" />
		<Unit filename="../../Library/MotionCaptureLoader/edit/bvh_cut_paste.c">
			<Option compilerVar="CC" />
		</Unit>
		<Unit filename="../../Library/MotionCaptureLoader/edit/bvh_cut_paste.h" />
		<Unit filename="../../Library/MotionCaptureLoader/edit/bvh_filter.c">
			<Option compilerVar="CC" />
		</Unit>
		<Unit filename="../../Library/MotionCaptureLoader/edit/bvh_filter.h" />
		<Unit filename="../../Library/MotionCaptureLoader/edit/bvh_interpolate.c">
			<Option compilerVar="CC" />
		</Unit>
		<Unit filename="../../Library/MotionCaptureLoader/edit/bvh_interpolate.h" />
		<Unit filename="../../Library/MotionCaptureLoader/edit/bvh_merge.c">
			<Option compilerVar="CC" />
		</Unit>
		<Unit filename="../../Library/MotionCaptureLoader/edit/bvh_merge.h" />
		<Unit filename="../../Library/MotionCaptureLoader/edit/bvh_randomize.c">
			<Option compilerVar="CC" />
		</Unit>
		<Unit filename="../../Library/MotionCaptureLoader/edit/bvh_randomize.h" />
		<Unit filename="../../Library/MotionCaptureLoader/edit/bvh_remapangles.c">
			<Option compilerVar="CC" />
		</Unit>
		<Unit filename="../../Library/MotionCaptureLoader/edit/bvh_remapangles.h" />
		<Unit filename="../../Library/MotionCaptureLoader/edit/bvh_rename.c">
			<Option compilerVar="CC" />
		</Unit>
		<Unit filename="../../Library/MotionCaptureLoader/edit/bvh_rename.h" />
		<Unit filename="../../Library/MotionCaptureLoader/edit/cTextFileToMemory.h" />
		<Unit filename="../../Library/MotionCaptureLoader/export/bvh_export.c">
			<Option compilerVar="CC" />
		</Unit>
		<Unit filename="../../Library/MotionCaptureLoader/export/bvh_export.h" />
		<Unit filename="../../Library/MotionCaptureLoader/export/bvh_to_bvh.c">
			<Option compilerVar="CC" />
		</Unit>
		<Unit filename="../../Library/MotionCaptureLoader/export/bvh_to_bvh.h" />
		<Unit filename="../../Library/MotionCaptureLoader/export/bvh_to_c.c">
			<Option compilerVar="CC" />
		</Unit>
		<Unit filename="../../Library/MotionCaptureLoader/export/bvh_to_c.h" />
		<Unit filename="../../Library/MotionCaptureLoader/export/bvh_to_csv.c">
			<Option compilerVar="CC" />
		</Unit>
		<Unit filename="../../Library/MotionCaptureLoader/export/bvh_to_csv.h" />
		<Unit filename="../../Library/MotionCaptureLoader/export/bvh_to_json.c">
			<Option compilerVar="CC" />
		</Unit>
		<Unit filename="../../Library/MotionCaptureLoader/export/bvh_to_json.h" />
		<Unit filename="../../Library/MotionCaptureLoader/export/bvh_to_svg.c">
			<Option compilerVar="CC" />
		</Unit>
		<Unit filename="../../Library/MotionCaptureLoader/export/bvh_to_svg.h" />
		<Unit filename="../../Library/MotionCaptureLoader/export/bvh_to_trajectoryParserPrimitives.c">
			<Option compilerVar="CC" />
		</Unit>
		<Unit filename="../../Library/MotionCaptureLoader/export/bvh_to_trajectoryParserPrimitives.h" />
		<Unit filename="../../Library/MotionCaptureLoader/export/bvh_to_trajectoryParserTRI.c">
			<Option compilerVar="CC" />
		</Unit>
		<Unit filename="../../Library/MotionCaptureLoader/export/bvh_to_trajectoryParserTRI.h" />
		<Unit filename="../../Library/MotionCaptureLoader/ik/bvh_inverseKinematics.c">
			<Option compilerVar="CC" />
		</Unit>
		<Unit filename="../../Library/MotionCaptureLoader/ik/bvh_inverseKinematics.h" />
		<Unit filename="../../Library/MotionCaptureLoader/ik/hardcodedProblems_inverseKinematics.c">
			<Option compilerVar="CC" />
		</Unit>
		<Unit filename="../../Library/MotionCaptureLoader/ik/hardcodedProblems_inverseKinematics.h" />
		<Unit filename="../../Library/MotionCaptureLoader/ik/levmar.c">
			<Option compilerVar="CC" />
		</Unit>
		<Unit filename="../../Library/MotionCaptureLoader/ik/levmar.h" />
		<Unit filename="../../Library/MotionCaptureLoader/import/fromBVH.c">
			<Option compilerVar="CC" />
		</Unit>
		<Unit filename="../../Library/MotionCaptureLoader/import/fromBVH.h" />
		<Unit filename="../../Library/MotionCaptureLoader/metrics/bvh_measure.c">
			<Option compilerVar="CC" />
		</Unit>
		<Unit filename="../../Library/MotionCaptureLoader/metrics/bvh_measure.h" />
		<Unit filename="../../Library/MotionCaptureLoader/tests/test.c">
			<Option compilerVar="CC" />
		</Unit>
		<Unit filename="../../Library/MotionCaptureLoader/tests/test.h" />
		<Unit filename="../../Library/TrajectoryParser/InputParser_C.c">
			<Option compilerVar="CC" />
		</Unit>
		<Unit filename="../../Library/TrajectoryParser/InputParser_C.h" />
		<Unit filename="bvhConverter.c">
			<Option compilerVar="CC" />
		</Unit>
		<Unit filename="bvhLibrary.h" />
		<Extensions>
			<lib_finder disable_auto="1" />
		</Extensions>
	</Project>
</CodeBlocks_project_file>
