<?xml version="1.0" encoding="UTF-8" standalone="yes" ?>
<CodeBlocks_project_file>
	<FileVersion major="1" minor="6" />
	<Project>
		<Option title="GroundTruthDumper" />
		<Option pch_mode="2" />
		<Option compiler="gcc" />
		<Build>
			<Target title="Debug">
				<Option output="../GroundTruthDumper" prefix_auto="1" extension_auto="1" />
				<Option working_dir="./" />
				<Option object_output="obj/Debug/" />
				<Option type="1" />
				<Option compiler="gcc" />
				<Option parameters="-from Scenes/RoboHowPancake.conf" />
				<Option host_application="/home/ammar/Documents/Programming/FORTH/opengl_depth_and_color_renderer/BVHTester" />
				<Option run_host_application_in_terminal="1" />
				<Compiler>
					<Add option="-g" />
				</Compiler>
			</Target>
			<Target title="Release">
				<Option output="../GroundTruthDumper" prefix_auto="1" extension_auto="1" />
				<Option working_dir="./" />
				<Option object_output="obj/Release/" />
				<Option type="0" />
				<Option compiler="gcc" />
				<Compiler>
					<Add option="-O2" />
				</Compiler>
				<Linker>
					<Add option="-s" />
				</Linker>
			</Target>
		</Build>
		<Compiler>
			<Add option="-Wall" />
			<Add directory="../../" />
		</Compiler>
		<Linker>
			<Add directory="../../" />
		</Linker>
		<Unit filename="../RGBDAcquisition/tools/AmMatrix/matrix4x4Tools.c">
			<Option compilerVar="CC" />
		</Unit>
		<Unit filename="../RGBDAcquisition/tools/AmMatrix/matrix4x4Tools.h" />
		<Unit filename="../RGBDAcquisition/tools/AmMatrix/matrixOpenGL.c">
			<Option compilerVar="CC" />
		</Unit>
		<Unit filename="../RGBDAcquisition/tools/AmMatrix/matrixOpenGL.h" />
		<Unit filename="../RGBDAcquisition/tools/AmMatrix/simpleRenderer.c">
			<Option compilerVar="CC" />
		</Unit>
		<Unit filename="../RGBDAcquisition/tools/AmMatrix/simpleRenderer.h" />
		<Unit filename="../RGBDAcquisition/opengl_acquisition_shared_library/opengl_depth_and_color_renderer/src/Library/MotionCaptureLoader/bvh_loader.c">
			<Option compilerVar="CC" />
		</Unit>
		<Unit filename="../RGBDAcquisition/opengl_acquisition_shared_library/opengl_depth_and_color_renderer/src/Library/MotionCaptureLoader/bvh_loader.h" />
		<Unit filename="../RGBDAcquisition/opengl_acquisition_shared_library/opengl_depth_and_color_renderer/src/Library/MotionCaptureLoader/export/bvh_export.c">
			<Option compilerVar="CC" />
		</Unit>
		<Unit filename="../RGBDAcquisition/opengl_acquisition_shared_library/opengl_depth_and_color_renderer/src/Library/MotionCaptureLoader/export/bvh_to_csv.h" />
		<Unit filename="../RGBDAcquisition/opengl_acquisition_shared_library/opengl_depth_and_color_renderer/src/Library/MotionCaptureLoader/export/bvh_to_csv.c">
			<Option compilerVar="CC" />
		</Unit>
		<Unit filename="../RGBDAcquisition/opengl_acquisition_shared_library/opengl_depth_and_color_renderer/src/Library/MotionCaptureLoader/export/bvh_to_svg.h" />
		<Unit filename="../RGBDAcquisition/opengl_acquisition_shared_library/opengl_depth_and_color_renderer/src/Library/MotionCaptureLoader/export/bvh_to_svg.c">
			<Option compilerVar="CC" />
		</Unit>
		<Unit filename="../RGBDAcquisition/opengl_acquisition_shared_library/opengl_depth_and_color_renderer/src/Library/MotionCaptureLoader/export/bvh_export.h" />
		<Unit filename="../RGBDAcquisition/opengl_acquisition_shared_library/opengl_depth_and_color_renderer/src/Library/MotionCaptureLoader/export/bvh_to_trajectoryParserTRI.c">
			<Option compilerVar="CC" />
		</Unit>
		<Unit filename="../RGBDAcquisition/opengl_acquisition_shared_library/opengl_depth_and_color_renderer/src/Library/MotionCaptureLoader/export/bvh_to_trajectoryParserTRI.h" />
		<Unit filename="../RGBDAcquisition/opengl_acquisition_shared_library/opengl_depth_and_color_renderer/src/Library/MotionCaptureLoader/bvh_to_tri_pose.c">
			<Option compilerVar="CC" />
		</Unit>
		<Unit filename="../RGBDAcquisition/opengl_acquisition_shared_library/opengl_depth_and_color_renderer/src/Library/MotionCaptureLoader/bvh_to_tri_pose.h" />
		<Unit filename="../RGBDAcquisition/opengl_acquisition_shared_library/opengl_depth_and_color_renderer/src/Library/MotionCaptureLoader/bvh_transform.c">
			<Option compilerVar="CC" />
		</Unit>
		<Unit filename="../RGBDAcquisition/opengl_acquisition_shared_library/opengl_depth_and_color_renderer/src/Library/MotionCaptureLoader/bvh_transform.h" />
		<Unit filename="../RGBDAcquisition/opengl_acquisition_shared_library/opengl_depth_and_color_renderer/src/Library/TrajectoryParser/InputParser_C.c">
			<Option compilerVar="CC" />
		</Unit>
		<Unit filename="../RGBDAcquisition/opengl_acquisition_shared_library/opengl_depth_and_color_renderer/src/Library/TrajectoryParser/InputParser_C.h" />
		<Unit filename="../RGBDAcquisition/opengl_acquisition_shared_library/opengl_depth_and_color_renderer/src/Library/MotionCaptureLoader/bvh_project.h" />
		<Unit filename="../RGBDAcquisition/opengl_acquisition_shared_library/opengl_depth_and_color_renderer/src/Library/MotionCaptureLoader/bvh_project.c">
			<Option compilerVar="CC" />
		</Unit>
		<Unit filename="main.c">
			<Option compilerVar="CC" />
		</Unit>
		<Extensions>
			<envvars />
			<code_completion />
			<debugger />
			<lib_finder disable_auto="1" />
		</Extensions>
	</Project>
</CodeBlocks_project_file>
